
Microsoft Visual Studio Solution File, Format Version 12.00
# Visual Studio Version 16
VisualStudioVersion = 16.0.32630.194
MinimumVisualStudioVersion = 10.0.40219.1
Project("{FAE04EC0-301F-11D3-BF4B-00C04F79EFBC}") = "StaffManagement", "StaffManagement\StaffManagement.csproj", "{77B043F4-F8AD-46F0-8907-5FDA45AAB95C}"
EndProject
Global
	GlobalSection(SolutionConfigurationPlatforms) = preSolution
		Debug|Any CPU = Debug|Any CPU
		Release|Any CPU = Release|Any CPU
	EndGlobalSection
	GlobalSection(ProjectConfigurationPlatforms) = postSolution
		{77B043F4-F8AD-46F0-8907-5FDA45AAB95C}.Debug|Any CPU.ActiveCfg = Debug|Any CPU
		{77B043F4-F8AD-46F0-8907-5FDA45AAB95C}.Debug|Any CPU.Build.0 = Debug|Any CPU
		{77B043F4-F8AD-46F0-8907-5FDA45AAB95C}.Release|Any CPU.ActiveCfg = Release|Any CPU
		{77B043F4-F8AD-46F0-8907-5FDA45AAB95C}.Release|Any CPU.Build.0 = Release|Any CPU
	EndGlobalSection
	GlobalSection(SolutionProperties) = preSolution
		HideSolutionNode = FALSE
	EndGlobalSection
	GlobalSection(ExtensibilityGlobals) = postSolution
		SolutionGuid = {4A0C4491-3409-407B-A2D7-7F9653612744}
	EndGlobalSection
EndGlobal
